
Microsoft Visual Studio Solution File, Format Version 12.00
# Visual Studio Version 17
VisualStudioVersion = 17.5.33530.505
MinimumVisualStudioVersion = 10.0.40219.1
Project("{9A19103F-16F7-4668-BE54-9A1E7A4F7556}") = "GuidedDiagnostic", "GuidedDiagnostic\GuidedDiagnostic.csproj", "{D9978286-0E42-4932-ABA8-AEB557395E70}"
EndProject
Project("{9A19103F-16F7-4668-BE54-9A1E7A4F7556}") = "SemanticKernel", "..\semantic-kernel\dotnet\src\SemanticKernel\SemanticKernel.csproj", "{8090F0E6-12B6-41DB-A7EF-B55A3CF232C2}"
EndProject
Project("{9A19103F-16F7-4668-BE54-9A1E7A4F7556}") = "SemanticKernel.Abstractions", "..\semantic-kernel\dotnet\src\SemanticKernel.Abstractions\SemanticKernel.Abstractions.csproj", "{A7CB16F2-635E-409B-9DF5-E60DD0A5B268}"
EndProject
Global
	GlobalSection(SolutionConfigurationPlatforms) = preSolution
		Debug|Any CPU = Debug|Any CPU
		Release|Any CPU = Release|Any CPU
	EndGlobalSection
	GlobalSection(ProjectConfigurationPlatforms) = postSolution
		{D9978286-0E42-4932-ABA8-AEB557395E70}.Debug|Any CPU.ActiveCfg = Debug|Any CPU
		{D9978286-0E42-4932-ABA8-AEB557395E70}.Debug|Any CPU.Build.0 = Debug|Any CPU
		{D9978286-0E42-4932-ABA8-AEB557395E70}.Release|Any CPU.ActiveCfg = Release|Any CPU
		{D9978286-0E42-4932-ABA8-AEB557395E70}.Release|Any CPU.Build.0 = Release|Any CPU
		{8090F0E6-12B6-41DB-A7EF-B55A3CF232C2}.Debug|Any CPU.ActiveCfg = Debug|Any CPU
		{8090F0E6-12B6-41DB-A7EF-B55A3CF232C2}.Debug|Any CPU.Build.0 = Debug|Any CPU
		{8090F0E6-12B6-41DB-A7EF-B55A3CF232C2}.Release|Any CPU.ActiveCfg = Release|Any CPU
		{8090F0E6-12B6-41DB-A7EF-B55A3CF232C2}.Release|Any CPU.Build.0 = Release|Any CPU
		{A7CB16F2-635E-409B-9DF5-E60DD0A5B268}.Debug|Any CPU.ActiveCfg = Debug|Any CPU
		{A7CB16F2-635E-409B-9DF5-E60DD0A5B268}.Debug|Any CPU.Build.0 = Debug|Any CPU
		{A7CB16F2-635E-409B-9DF5-E60DD0A5B268}.Release|Any CPU.ActiveCfg = Release|Any CPU
		{A7CB16F2-635E-409B-9DF5-E60DD0A5B268}.Release|Any CPU.Build.0 = Release|Any CPU
	EndGlobalSection
	GlobalSection(SolutionProperties) = preSolution
		HideSolutionNode = FALSE
	EndGlobalSection
	GlobalSection(ExtensibilityGlobals) = postSolution
		SolutionGuid = {5E07AB53-39F1-4F20-A7E5-BD44A862BCD2}
	EndGlobalSection
EndGlobal
